
Microsoft Visual Studio Solution File, Format Version 12.00
# Visual Studio Version 16
VisualStudioVersion = 16.0.30611.23
MinimumVisualStudioVersion = 10.0.40219.1
Project("{FAE04EC0-301F-11D3-BF4B-00C04F79EFBC}") = "NonPrimitiveType", "NonPrimitiveType\NonPrimitiveType.csproj", "{C5450AB6-AB2A-4E16-AD4A-E4007F9A0354}"
EndProject
Global
	GlobalSection(SolutionConfigurationPlatforms) = preSolution
		Debug|Any CPU = Debug|Any CPU
		Release|Any CPU = Release|Any CPU
	EndGlobalSection
	GlobalSection(ProjectConfigurationPlatforms) = postSolution
		{C5450AB6-AB2A-4E16-AD4A-E4007F9A0354}.Debug|Any CPU.ActiveCfg = Debug|Any CPU
		{C5450AB6-AB2A-4E16-AD4A-E4007F9A0354}.Debug|Any CPU.Build.0 = Debug|Any CPU
		{C5450AB6-AB2A-4E16-AD4A-E4007F9A0354}.Release|Any CPU.ActiveCfg = Release|Any CPU
		{C5450AB6-AB2A-4E16-AD4A-E4007F9A0354}.Release|Any CPU.Build.0 = Release|Any CPU
	EndGlobalSection
	GlobalSection(SolutionProperties) = preSolution
		HideSolutionNode = FALSE
	EndGlobalSection
	GlobalSection(ExtensibilityGlobals) = postSolution
		SolutionGuid = {98E01DD8-80E9-4333-8550-C3106EE427CA}
	EndGlobalSection
EndGlobal
